
Microsoft Visual Studio Solution File, Format Version 12.00
# Visual Studio 15
Project("{FAE04EC0-301F-11D3-BF4B-00C04F79EFBC}") = "Assembly-CSharp", "Assembly-CSharp.csproj", "{0C6F27A1-B8F7-81BB-83B6-DAFB001926AA}"
EndProject
Project("{FAE04EC0-301F-11D3-BF4B-00C04F79EFBC}") = "Assembly-CSharp-Editor", "Assembly-CSharp-Editor.csproj", "{D987F342-CE5E-42A0-6202-BB6C65FDC438}"
EndProject
Global
	GlobalSection(SolutionConfigurationPlatforms) = preSolution
		Debug|Any CPU = Debug|Any CPU
		Release|Any CPU = Release|Any CPU
	EndGlobalSection
	GlobalSection(ProjectConfigurationPlatforms) = postSolution
		{0C6F27A1-B8F7-81BB-83B6-DAFB001926AA}.Debug|Any CPU.ActiveCfg = Debug|Any CPU
		{0C6F27A1-B8F7-81BB-83B6-DAFB001926AA}.Debug|Any CPU.Build.0 = Debug|Any CPU
		{0C6F27A1-B8F7-81BB-83B6-DAFB001926AA}.Release|Any CPU.ActiveCfg = Release|Any CPU
		{0C6F27A1-B8F7-81BB-83B6-DAFB001926AA}.Release|Any CPU.Build.0 = Release|Any CPU
		{D987F342-CE5E-42A0-6202-BB6C65FDC438}.Debug|Any CPU.ActiveCfg = Debug|Any CPU
		{D987F342-CE5E-42A0-6202-BB6C65FDC438}.Debug|Any CPU.Build.0 = Debug|Any CPU
		{D987F342-CE5E-42A0-6202-BB6C65FDC438}.Release|Any CPU.ActiveCfg = Release|Any CPU
		{D987F342-CE5E-42A0-6202-BB6C65FDC438}.Release|Any CPU.Build.0 = Release|Any CPU
	EndGlobalSection
	GlobalSection(SolutionProperties) = preSolution
		HideSolutionNode = FALSE
	EndGlobalSection
EndGlobal
